{
  "nodes": {
    "aquamarine": {
      "inputs": {
        "hyprutils": [
          "hyprland",
          "hyprutils"
        ],
        "hyprwayland-scanner": [
          "hyprland",
          "hyprwayland-scanner"
        ],
        "nixpkgs": [
          "hyprland",
          "nixpkgs"
        ],
        "systems": [
          "hyprland",
          "systems"
        ]
      },
      "locked": {
        "lastModified": 1788444081,
        "narHash": "sha256-I8i97p9WBQaZQyyBaHFMt8e01VfgfFZSaO+vAUd0u0A=",
        "owner": "hyprwm",
        "repo": "aquamarine",
        "rev": "36b66db4ddd708ad19f5db850af6a478d8a19b2a",
        "type": "github"
      },
      "original": {
        "owner": "hyprwm",
        "repo": "aquamarine",
        "type": "github"
      }
    },
    "brinkagentSrc": {
      "flake": false,
      "locked": {
        "lastModified": 1782747242,
        "narHash": "sha256-MgZ7+x8rr5FEGa1v41u6U1XavKVLqOqufhvvoZeY9CI=",
        "path": "/home/dani/Projects/brinkagent",
        "type": "path"
      },
      "original": {
        "path": "/home/dani/Projects/brinkagent",
        "type": "path"
      }
    },
    "claude-code": {
      "inputs": {
        "nixpkgs": [
          "nixpkgs"
        ],
        "systems": "systems"
      },
      "locked": {
        "lastModified": 1789607714,
        "narHash": "sha256-Jay2MK0zBQP5DuTR+izZBobg7m93h0tKMXOYDZYW0xA=",
        "owner": "sadjow",
        "repo": "claude-code-nix",
        "rev": "96942598f50150e88f94bf01295aee593c440824",
        "type": "github"
      },
      "original": {
        "owner": "sadjow",
        "repo": "claude-code-nix",
        "type": "github"
      }
    },
    "codebase-to-course": {
      "flake": false,
      "locked": {
        "lastModified": 1774895169,
        "narHash": "sha256-Z9ekFGEV/nyunvFwMdk6vFeEMc35MTsxU3pLYLGO43o=",
        "owner": "zarazhangrui",
        "repo": "codebase-to-course",
        "rev": "ff8837ecf8e9f6ce9874ffa42e42633394a52a00",
        "type": "github"
      },
      "original": {
        "owner": "zarazhangrui",
        "repo": "codebase-to-course",
        "type": "github"
      }
    },
    "danvim": {
      "inputs": {
        "flake-compat": "flake-compat",
        "neovim-nightly-overlay": "neovim-nightly-overlay",
        "nixCats": "nixCats",
        "nixpkgs": [
          "nixpkgs"
        ],
        "plugins-color-refs": "plugins-color-refs",
        "stable": "stable"
      },
      "locked": {
        "lastModified": 1789660681,
        "narHash": "sha256-CPf5QKPyppedysc1w7PDW9hlmWHMxoshyaEPw/xJ1U4=",
        "path": "/home/dani/nix_config/danvim",
        "type": "path"
      },
      "original": {
        "path": "/home/dani/nix_config/danvim",
        "type": "path"
      }
    },
    "firefox-addons": {
      "inputs": {
        "nixpkgs": [
          "nixpkgs"
        ]
      },
      "locked": {
        "dir": "pkgs/firefox-addons",
        "lastModified": 1789617768,
        "narHash": "sha256-rm+G6r0i/ikdIIDj5/OnyKA0P7YwDSbqEqgedKmOH6k=",
        "owner": "rycee",
        "repo": "nur-expressions",
        "rev": "1faf920ae2310483f620feedcee5f65926af4181",
        "type": "gitlab"
      },
      "original": {
        "dir": "pkgs/firefox-addons",
        "owner": "rycee",
        "repo": "nur-expressions",
        "type": "gitlab"
      }
    },
    "flake-compat": {
      "flake": false,
      "locked": {
        "lastModified": 1767039857,
        "narHash": "sha256-vNpUSpF5Nuw8xvDLj2KCwwksIbjua2LZCqhV1LNRDns=",
        "owner": "edolstra",
        "repo": "flake-compat",
        "rev": "5edf11c44bc78a0d334f6334cdaf7d60d732daab",
        "type": "github"
      },
      "original": {
        "owner": "edolstra",
        "repo": "flake-compat",
        "type": "github"
      }
    },
    "flake-compat_2": {
      "flake": false,
      "locked": {
        "lastModified": 1767039857,
        "narHash": "sha256-vNpUSpF5Nuw8xvDLj2KCwwksIbjua2LZCqhV1LNRDns=",
        "owner": "NixOS",
        "repo": "flake-compat",
        "rev": "5edf11c44bc78a0d334f6334cdaf7d60d732daab",
        "type": "github"
      },
      "original": {
        "owner": "NixOS",
        "repo": "flake-compat",
        "type": "github"
      }
    },
    "flake-parts": {
      "inputs": {
        "nixpkgs-lib": [
          "danvim",
          "neovim-nightly-overlay",
          "nixpkgs"
        ]
      },
      "locked": {
        "lastModified": 1788450739,
        "narHash": "sha256-glZLQlzIn1fXH6PazR2iUmTo7kzzyYSshrWhLS9TqCU=",
        "owner": "hercules-ci",
        "repo": "flake-parts",
        "rev": "31729ca8cbdb4fa927b34e5f4353e6a83f39e993",
        "type": "github"
      },
      "original": {
        "owner": "hercules-ci",
        "repo": "flake-parts",
        "type": "github"
      }
    },
    "flake-parts_2": {
      "inputs": {
        "nixpkgs-lib": "nixpkgs-lib"
      },
      "locked": {
        "lastModified": 1782949081,
        "narHash": "sha256-vp6Y/Grm98ESt6ceOkWiHWyZRDV3J1RID4w+6NWK9yA=",
        "owner": "hercules-ci",
        "repo": "flake-parts",
        "rev": "17c9d6cdfc60c64f4ee8d306f9bc0b4ccb51481e",
        "type": "github"
      },
      "original": {
        "owner": "hercules-ci",
        "repo": "flake-parts",
        "type": "github"
      }
    },
    "flake-utils": {
      "inputs": {
        "systems": "systems_5"
      },
      "locked": {
        "lastModified": 1731533236,
        "narHash": "sha256-l0KFg5HjrsfsO/JpG+r7fRrqm12kzFHyUHqHCVpMMbI=",
        "owner": "numtide",
        "repo": "flake-utils",
        "rev": "11707dc2f618dd54ca8739b309ec4fc024de578b",
        "type": "github"
      },
      "original": {
        "owner": "numtide",
        "repo": "flake-utils",
        "type": "github"
      }
    },
    "home-manager": {
      "inputs": {
        "nixpkgs": [
          "nixpkgs"
        ]
      },
      "locked": {
        "lastModified": 1789652175,
        "narHash": "sha256-OVgwnH7e/GlJRscTPXnJ8wwy6Mh+hk0MedEw360o8U8=",
        "owner": "nix-community",
        "repo": "home-manager",
        "rev": "f2785222a14e90f8c5ad2ff62474ce88453c3421",
        "type": "github"
      },
      "original": {
        "owner": "nix-community",
        "repo": "home-manager",
        "type": "github"
      }
    },
    "hy3": {
      "inputs": {
        "hyprland": [
          "hyprland"
        ]
      },
      "locked": {
        "lastModified": 1787461956,
        "narHash": "sha256-HCDDmRkDxQMWMIlTAjZ4vLIQ8e7VnHqBgaJ73u1ItnY=",
        "ref": "refs/heads/master",
        "rev": "12a73ab0adddbc39f839da320dcc2b028769fc58",
        "revCount": 468,
        "submodules": true,
        "type": "git",
        "url": "https://github.com/outfoxxed/hy3/"
      },
      "original": {
        "rev": "12a73ab0adddbc39f839da320dcc2b028769fc58",
        "submodules": true,
        "type": "git",
        "url": "https://github.com/outfoxxed/hy3/"
      }
    },
    "hyprcursor": {
      "inputs": {
        "hyprlang": [
          "hyprland",
          "hyprlang"
        ],
        "nixpkgs": [
          "hyprland",
          "nixpkgs"
        ],
        "systems": [
          "hyprland",
          "systems"
        ]
      },
      "locked": {
        "lastModified": 1786464181,
        "narHash": "sha256-2alOMkLjXANh7unkZnYnCF2K2rApZaOLMoQ3o+VX2CY=",
        "owner": "hyprwm",
        "repo": "hyprcursor",
        "rev": "e4ed7c08123df5af460a0a70961380cbfb872f76",
        "type": "github"
      },
      "original": {
        "owner": "hyprwm",
        "repo": "hyprcursor",
        "type": "github"
      }
    },
    "hyprgraphics": {
      "inputs": {
        "hyprutils": [
          "hyprland",
          "hyprutils"
        ],
        "nixpkgs": [
          "hyprland",
          "nixpkgs"
        ],
        "systems": [
          "hyprland",
          "systems"
        ]
      },
      "locked": {
        "lastModified": 1786464367,
        "narHash": "sha256-k58p4wbzIXWyRWrW84pP8tD+iaZSSYiiM+fr0Auk4oU=",
        "owner": "hyprwm",
        "repo": "hyprgraphics",
        "rev": "7c895c44e3ca6d28ed68ddd80ec02b02b925e7fc",
        "type": "github"
      },
      "original": {
        "owner": "hyprwm",
        "repo": "hyprgraphics",
        "type": "github"
      }
    },
    "hyprland": {
      "inputs": {
        "aquamarine": "aquamarine",
        "hyprcursor": "hyprcursor",
        "hyprgraphics": "hyprgraphics",
        "hyprland-guiutils": "hyprland-guiutils",
        "hyprland-protocols": "hyprland-protocols",
        "hyprlang": "hyprlang",
        "hyprutils": "hyprutils",
        "hyprwayland-scanner": "hyprwayland-scanner",
        "hyprwire": "hyprwire",
        "nixpkgs": [
          "nixpkgs"
        ],
        "pre-commit-hooks": "pre-commit-hooks",
        "systems": "systems_2",
        "xdph": "xdph"
      },
      "locked": {
        "lastModified": 1788777480,
        "narHash": "sha256-xth0n0ezB0zmkev+DsIjxzyF1hCg7irrwhpVoZKVpX8=",
        "ref": "refs/heads/main",
        "rev": "7ebf13abb3c391604c60c9f627c7a403bcec8d17",
        "revCount": 7802,
        "submodules": true,
        "type": "git",
        "url": "https://github.com/hyprwm/Hyprland"
      },
      "original": {
        "rev": "7ebf13abb3c391604c60c9f627c7a403bcec8d17",
        "submodules": true,
        "type": "git",
        "url": "https://github.com/hyprwm/Hyprland"
      }
    },
    "hyprland-guiutils": {
      "inputs": {
        "aquamarine": [
          "hyprland",
          "aquamarine"
        ],
        "hyprgraphics": [
          "hyprland",
          "hyprgraphics"
        ],
        "hyprlang": [
          "hyprland",
          "hyprlang"
        ],
        "hyprtoolkit": "hyprtoolkit",
        "hyprutils": [
          "hyprland",
          "hyprutils"
        ],
        "hyprwayland-scanner": [
          "hyprland",
          "hyprwayland-scanner"
        ],
        "nixpkgs": [
          "hyprland",
          "nixpkgs"
        ],
        "systems": [
          "hyprland",
          "systems"
        ]
      },
      "locked": {
        "lastModified": 1786464504,
        "narHash": "sha256-7sHwM86KILQyHDHDuE2SDBlQ2jvZ0EW3hY7sW009/cg=",
        "owner": "hyprwm",
        "repo": "hyprland-guiutils",
        "rev": "4c30cf3097ea963c0e250749ee0c59f8b08816d6",
        "type": "github"
      },
      "original": {
        "owner": "hyprwm",
        "repo": "hyprland-guiutils",
        "type": "github"
      }
    },
    "hyprland-preview-share-picker": {
      "inputs": {
        "nixpkgs": [
          "nixpkgs"
        ]
      },
      "locked": {
        "lastModified": 1787585898,
        "narHash": "sha256-KKLkZEYzCGrSZa03hb8I6XPAOkXfUh+lb88OSrV1A/s=",
        "ref": "refs/heads/master",
        "rev": "0ef9b302aee716f36ea19e33ff3cc457d8c075a8",
        "revCount": 62,
        "submodules": true,
        "type": "git",
        "url": "https://github.com/WhySoBad/hyprland-preview-share-picker"
      },
      "original": {
        "submodules": true,
        "type": "git",
        "url": "https://github.com/WhySoBad/hyprland-preview-share-picker"
      }
    },
    "hyprland-protocols": {
      "inputs": {
        "nixpkgs": [
          "hyprland",
          "nixpkgs"
        ],
        "systems": [
          "hyprland",
          "systems"
        ]
      },
      "locked": {
        "lastModified": 1772460177,
        "narHash": "sha256-/6G/MsPvtn7bc4Y32pserBT/Z4SUUdBd4XYJpOEKVR4=",
        "owner": "hyprwm",
        "repo": "hyprland-protocols",
        "rev": "1cb6db5fd6bb8aee419f4457402fa18293ace917",
        "type": "github"
      },
      "original": {
        "owner": "hyprwm",
        "repo": "hyprland-protocols",
        "type": "github"
      }
    },
    "hyprlang": {
      "inputs": {
        "hyprutils": [
          "hyprland",
          "hyprutils"
        ],
        "nixpkgs": [
          "hyprland",
          "nixpkgs"
        ],
        "systems": [
          "hyprland",
          "systems"
        ]
      },
      "locked": {
        "lastModified": 1786464129,
        "narHash": "sha256-339AkTlpMYSIvFuG0rnR+8Yg4/AZKeJalshJavlnKfg=",
        "owner": "hyprwm",
        "repo": "hyprlang",
        "rev": "9508458be316a0d70d37ebed1ab725ccd10411ff",
        "type": "github"
      },
      "original": {
        "owner": "hyprwm",
        "repo": "hyprlang",
        "type": "github"
      }
    },
    "hyprtoolkit": {
      "inputs": {
        "aquamarine": [
          "hyprland",
          "hyprland-guiutils",
          "aquamarine"
        ],
        "hyprgraphics": [
          "hyprland",
          "hyprland-guiutils",
          "hyprgraphics"
        ],
        "hyprlang": [
          "hyprland",
          "hyprland-guiutils",
          "hyprlang"
        ],
        "hyprutils": [
          "hyprland",
          "hyprland-guiutils",
          "hyprutils"
        ],
        "hyprwayland-scanner": [
          "hyprland",
          "hyprland-guiutils",
          "hyprwayland-scanner"
        ],
        "nixpkgs": [
          "hyprland",
          "hyprland-guiutils",
          "nixpkgs"
        ],
        "systems": [
          "hyprland",
          "hyprland-guiutils",
          "systems"
        ]
      },
      "locked": {
        "lastModified": 1785930473,
        "narHash": "sha256-DitTu625BhEYpZjtjxtGpjrEJwPwW+X/+jJvhSZNSJM=",
        "owner": "hyprwm",
        "repo": "hyprtoolkit",
        "rev": "af515b69dfbe366dc7873aa1475cb2f4db3ebad7",
        "type": "github"
      },
      "original": {
        "owner": "hyprwm",
        "repo": "hyprtoolkit",
        "type": "github"
      }
    },
    "hyprutils": {
      "inputs": {
        "nixpkgs": [
          "hyprland",
          "nixpkgs"
        ],
        "systems": [
          "hyprland",
          "systems"
        ]
      },
      "locked": {
        "lastModified": 1788619883,
        "narHash": "sha256-dpmeFq5vPvSOsi30ZchOLjltAZEuVBucDvGKs3IZYf4=",
        "owner": "hyprwm",
        "repo": "hyprutils",
        "rev": "a21e87b878e72ee5dfd375899e8b2ad0d0c4c0e1",
        "type": "github"
      },
      "original": {
        "owner": "hyprwm",
        "repo": "hyprutils",
        "type": "github"
      }
    },
    "hyprwayland-scanner": {
      "inputs": {
        "nixpkgs": [
          "hyprland",
          "nixpkgs"
        ],
        "systems": [
          "hyprland",
          "systems"
        ]
      },
      "locked": {
        "lastModified": 1786464033,
        "narHash": "sha256-QM8Qe4/L8lpdVN4bgwahmi+jyyc4fisseDMe4afcDxA=",
        "owner": "hyprwm",
        "repo": "hyprwayland-scanner",
        "rev": "62e62c1ca23da17612c6890d4ad2064f575643db",
        "type": "github"
      },
      "original": {
        "owner": "hyprwm",
        "repo": "hyprwayland-scanner",
        "type": "github"
      }
    },
    "hyprwire": {
      "inputs": {
        "hyprutils": [
          "hyprland",
          "hyprutils"
        ],
        "nixpkgs": [
          "hyprland",
          "nixpkgs"
        ],
        "systems": [
          "hyprland",
          "systems"
        ]
      },
      "locked": {
        "lastModified": 1786464294,
        "narHash": "sha256-ZQsZ2WvBdkboCIyh8LStDPdAIARmxzn0XMNxxoOhjPE=",
        "owner": "hyprwm",
        "repo": "hyprwire",
        "rev": "4ce7cd6b6128c1ac41caf23c58a30a26b327f9dd",
        "type": "github"
      },
      "original": {
        "owner": "hyprwm",
        "repo": "hyprwire",
        "type": "github"
      }
    },
    "iris": {
      "inputs": {
        "flake-parts": "flake-parts_2",
        "nixpkgs": [
          "nixpkgs"
        ],
        "systems": "systems_3"
      },
      "locked": {
        "lastModified": 1788538192,
        "narHash": "sha256-xiSjMr7dgDeI3rDeCLKtO66mJe0ssTuT7W+rMNuNjJg=",
        "ref": "refs/heads/main",
        "rev": "ac1cfe72820bbbb0f0eb3fb017a6b1e7f3fcb2fe",
        "revCount": 243,
        "type": "git",
        "url": "https://github.com/versenilvis/IRIS"
      },
      "original": {
        "rev": "ac1cfe72820bbbb0f0eb3fb017a6b1e7f3fcb2fe",
        "type": "git",
        "url": "https://github.com/versenilvis/IRIS"
      }
    },
    "mattpocock-skills": {
      "flake": false,
      "locked": {
        "lastModified": 1789643445,
        "narHash": "sha256-jV54LyJWtC/UJ7xHH0NRNVN/zwUT8vYS6gzH9gpo+yo=",
        "owner": "mattpocock",
        "repo": "skills",
        "rev": "74ca5fe077456a0b3b2f5310cf9430999fd0b5fd",
        "type": "github"
      },
      "original": {
        "owner": "mattpocock",
        "repo": "skills",
        "type": "github"
      }
    },
    "multiverse": {
      "locked": {
        "lastModified": 1789596272,
        "narHash": "sha256-77w6/8smBVoIGOMdRyq3G7RnujIS7h5B4wMGVhTIKf0=",
        "owner": "fzakaria",
        "repo": "nixpkgs-multiverse",
        "rev": "b780524b47fbe8b9ae8605a761a8fe9ad1a8e48b",
        "type": "github"
      },
      "original": {
        "owner": "fzakaria",
        "repo": "nixpkgs-multiverse",
        "type": "github"
      }
    },
    "neovim-nightly-overlay": {
      "inputs": {
        "flake-parts": "flake-parts",
        "neovim-src": "neovim-src",
        "nixpkgs": "nixpkgs"
      },
      "locked": {
        "lastModified": 1789603438,
        "narHash": "sha256-sI0ZvYtW4ZkPlLoqhKpZYaIe+FsUuipKhPYRT7LmQl8=",
        "ref": "refs/heads/master",
        "rev": "8dcb1bee7f05eb815ef3ee8a5997764dbf606bb5",
        "revCount": 2468,
        "type": "git",
        "url": "https://github.com/nix-community/neovim-nightly-overlay"
      },
      "original": {
        "type": "git",
        "url": "https://github.com/nix-community/neovim-nightly-overlay"
      }
    },
    "neovim-src": {
      "flake": false,
      "locked": {
        "lastModified": 1789600761,
        "narHash": "sha256-vX7uFvlGGhZ2ckDc1V1gqOz1vWyR/8cD5uubVYQjNTw=",
        "owner": "neovim",
        "repo": "neovim",
        "rev": "7737589a0a83b7c31952a09c60a5bf630b3c468b",
        "type": "github"
      },
      "original": {
        "owner": "neovim",
        "repo": "neovim",
        "type": "github"
      }
    },
    "nix-index-database": {
      "inputs": {
        "nixpkgs": [
          "nixpkgs"
        ]
      },
      "locked": {
        "lastModified": 1789286446,
        "narHash": "sha256-xVstyCdg0DpzjyrEacm72VJAIP9DMhfWJdPDzhWxHuo=",
        "owner": "nix-community",
        "repo": "nix-index-database",
        "rev": "a74e173407559083a412ea89a1cc58ea389c3b65",
        "type": "github"
      },
      "original": {
        "owner": "nix-community",
        "repo": "nix-index-database",
        "type": "github"
      }
    },
    "nixCats": {
      "locked": {
        "lastModified": 1787720571,
        "narHash": "sha256-jvoTU61m2p2knJMIvDwWqkhf5CrmKCkiCO0KR3GIryw=",
        "owner": "BirdeeHub",
        "repo": "nixCats-nvim",
        "rev": "8fcebab53bfe800b963e8db5e28b63baa65850d3",
        "type": "github"
      },
      "original": {
        "owner": "BirdeeHub",
        "repo": "nixCats-nvim",
        "type": "github"
      }
    },
    "nixpkgs": {
      "locked": {
        "lastModified": 1789370336,
        "narHash": "sha256-6RSEDHIWQtesQKWSu5qRai8L2h4KgCgMEfJHstW99G4=",
        "owner": "NixOS",
        "repo": "nixpkgs",
        "rev": "c7def046b9a883d46974757852106483d741586f",
        "type": "github"
      },
      "original": {
        "owner": "NixOS",
        "ref": "nixpkgs-unstable",
        "repo": "nixpkgs",
        "type": "github"
      }
    },
    "nixpkgs-lib": {
      "locked": {
        "lastModified": 1782614948,
        "narHash": "sha256-ePjCwr1sNm9NYUqywL7QfK3JnlS015msC+eBu2zKlp8=",
        "owner": "nix-community",
        "repo": "nixpkgs.lib",
        "rev": "db3f255737b94216eb71cce308e2912cf6bc2d7c",
        "type": "github"
      },
      "original": {
        "owner": "nix-community",
        "repo": "nixpkgs.lib",
        "type": "github"
      }
    },
    "nixpkgs_2": {
      "locked": {
        "lastModified": 1789546076,
        "narHash": "sha256-zVxLZiSnmaaPLwnhj7pwmqe3axBg/C6nG5JZsJMh2g4=",
        "owner": "nixos",
        "repo": "nixpkgs",
        "rev": "b1b875982b17dabde9b4a37f3e229e74913e6db3",
        "type": "github"
      },
      "original": {
        "owner": "nixos",
        "ref": "nixos-unstable",
        "repo": "nixpkgs",
        "type": "github"
      }
    },
    "noctalia": {
      "inputs": {
        "nixpkgs": [
          "nixpkgs"
        ]
      },
      "locked": {
        "lastModified": 1789611680,
        "narHash": "sha256-obiNV+juEjUYDDusgYQukjLyoVsJJPmYppmjvIEfkSg=",
        "ref": "refs/heads/main",
        "rev": "8c52cb71b5bcafbf67bfb8e659f1fc45f882a008",
        "revCount": 5554,
        "submodules": true,
        "type": "git",
        "url": "https://github.com/noctalia-dev/noctalia"
      },
      "original": {
        "submodules": true,
        "type": "git",
        "url": "https://github.com/noctalia-dev/noctalia"
      }
    },
    "plugins-color-refs": {
      "flake": false,
      "locked": {
        "lastModified": 1786127152,
        "narHash": "sha256-VDpkfaPV4mXabmW4t53YY7HFeVOFdNUodkB04IXOCCM=",
        "path": "/home/dani/Projects/color-refs.nvim",
        "type": "path"
      },
      "original": {
        "path": "/home/dani/Projects/color-refs.nvim",
        "type": "path"
      }
    },
    "pre-commit-hooks": {
      "inputs": {
        "flake-compat": "flake-compat_2",
        "nixpkgs": [
          "hyprland",
          "nixpkgs"
        ]
      },
      "locked": {
        "lastModified": 1788267358,
        "narHash": "sha256-nt+lUqYVpc9Y6JeMd2WmXzCDojasdadKo0mWcluvY2Y=",
        "owner": "cachix",
        "repo": "git-hooks.nix",
        "rev": "27555e2624241fb116b49095df4caaee85a25691",
        "type": "github"
      },
      "original": {
        "owner": "cachix",
        "repo": "git-hooks.nix",
        "type": "github"
      }
    },
    "root": {
      "inputs": {
        "brinkagentSrc": "brinkagentSrc",
        "claude-code": "claude-code",
        "codebase-to-course": "codebase-to-course",
        "danvim": "danvim",
        "firefox-addons": "firefox-addons",
        "home-manager": "home-manager",
        "hy3": "hy3",
        "hyprland": "hyprland",
        "hyprland-preview-share-picker": "hyprland-preview-share-picker",
        "iris": "iris",
        "mattpocock-skills": "mattpocock-skills",
        "multiverse": "multiverse",
        "nix-index-database": "nix-index-database",
        "nixpkgs": "nixpkgs_2",
        "noctalia": "noctalia",
        "socratic-skills": "socratic-skills",
        "spicetify-nix": "spicetify-nix",
        "stable": "stable_2",
        "superpowers": "superpowers",
        "voxtype": "voxtype",
        "walkthrough-skill": "walkthrough-skill"
      }
    },
    "socratic-skills": {
      "flake": false,
      "locked": {
        "lastModified": 1780837356,
        "narHash": "sha256-ktiTo2pYcqus1I/71M4tBcIxQtdxvoGmr7dPlvu3ldk=",
        "owner": "rodbv",
        "repo": "socratic-skills",
        "rev": "dda051c2b4390d19d32b33edc222abbfa39927ac",
        "type": "github"
      },
      "original": {
        "owner": "rodbv",
        "repo": "socratic-skills",
        "type": "github"
      }
    },
    "spicetify-nix": {
      "inputs": {
        "nixpkgs": [
          "nixpkgs"
        ],
        "systems": "systems_4"
      },
      "locked": {
        "lastModified": 1789291406,
        "narHash": "sha256-lfZ7yAaTZMuAzOSLjJ7ivrKIFk0E11koWTVgkWSXwuE=",
        "owner": "Gerg-L",
        "repo": "spicetify-nix",
        "rev": "09eed5c95105aada9ffabd4c7eb6b345dc4ba66f",
        "type": "github"
      },
      "original": {
        "owner": "Gerg-L",
        "repo": "spicetify-nix",
        "type": "github"
      }
    },
    "stable": {
      "locked": {
        "lastModified": 1789542786,
        "narHash": "sha256-ajQuqcxnj6RYnwCjA/9FTCnrdR2+BDzstE8UembXf60=",
        "owner": "nixos",
        "repo": "nixpkgs",
        "rev": "4c7870105e7f1fdf9c48688c8d7efc21abf0688a",
        "type": "github"
      },
      "original": {
        "owner": "nixos",
        "ref": "nixos-26.05",
        "repo": "nixpkgs",
        "type": "github"
      }
    },
    "stable_2": {
      "locked": {
        "lastModified": 1789542786,
        "narHash": "sha256-ajQuqcxnj6RYnwCjA/9FTCnrdR2+BDzstE8UembXf60=",
        "owner": "nixos",
        "repo": "nixpkgs",
        "rev": "4c7870105e7f1fdf9c48688c8d7efc21abf0688a",
        "type": "github"
      },
      "original": {
        "owner": "nixos",
        "ref": "nixos-26.05",
        "repo": "nixpkgs",
        "type": "github"
      }
    },
    "superpowers": {
      "flake": false,
      "locked": {
        "lastModified": 1786553601,
        "narHash": "sha256-EsGNO0dULWf5Bx6bGrCv2kI2Z8aKH0kRvGiuN23wChQ=",
        "owner": "obra",
        "repo": "superpowers",
        "rev": "b36e0829c6d0140e93cfef2ca599b1b07d4a7797",
        "type": "github"
      },
      "original": {
        "owner": "obra",
        "repo": "superpowers",
        "type": "github"
      }
    },
    "systems": {
      "locked": {
        "lastModified": 1681028828,
        "narHash": "sha256-Vy1rq5AaRuLzOxct8nz4T6wlgyUR7zLU309k9mBC768=",
        "owner": "nix-systems",
        "repo": "default",
        "rev": "da67096a3b9bf56a91d16901293e51ba5b49a27e",
        "type": "github"
      },
      "original": {
        "owner": "nix-systems",
        "repo": "default",
        "type": "github"
      }
    },
    "systems_2": {
      "locked": {
        "lastModified": 1689347949,
        "narHash": "sha256-12tWmuL2zgBgZkdoB6qXZsgJEH9LR3oUgpaQq2RbI80=",
        "owner": "nix-systems",
        "repo": "default-linux",
        "rev": "31732fcf5e8fea42e59c2488ad31a0e651500f68",
        "type": "github"
      },
      "original": {
        "owner": "nix-systems",
        "repo": "default-linux",
        "type": "github"
      }
    },
    "systems_3": {
      "locked": {
        "lastModified": 1681028828,
        "narHash": "sha256-Vy1rq5AaRuLzOxct8nz4T6wlgyUR7zLU309k9mBC768=",
        "owner": "nix-systems",
        "repo": "default",
        "rev": "da67096a3b9bf56a91d16901293e51ba5b49a27e",
        "type": "github"
      },
      "original": {
        "owner": "nix-systems",
        "repo": "default",
        "type": "github"
      }
    },
    "systems_4": {
      "locked": {
        "lastModified": 1681028828,
        "narHash": "sha256-Vy1rq5AaRuLzOxct8nz4T6wlgyUR7zLU309k9mBC768=",
        "owner": "nix-systems",
        "repo": "default",
        "rev": "da67096a3b9bf56a91d16901293e51ba5b49a27e",
        "type": "github"
      },
      "original": {
        "owner": "nix-systems",
        "repo": "default",
        "type": "github"
      }
    },
    "systems_5": {
      "locked": {
        "lastModified": 1681028828,
        "narHash": "sha256-Vy1rq5AaRuLzOxct8nz4T6wlgyUR7zLU309k9mBC768=",
        "owner": "nix-systems",
        "repo": "default",
        "rev": "da67096a3b9bf56a91d16901293e51ba5b49a27e",
        "type": "github"
      },
      "original": {
        "owner": "nix-systems",
        "repo": "default",
        "type": "github"
      }
    },
    "voxtype": {
      "inputs": {
        "flake-utils": "flake-utils",
        "nixpkgs": [
          "nixpkgs"
        ]
      },
      "locked": {
        "lastModified": 1789041206,
        "narHash": "sha256-s79Qivl3UEmsHgotjDkvh+wXYr2XYgL0uzkUg8502ls=",
        "owner": "peteonrails",
        "repo": "voxtype",
        "rev": "320a737e5d3c8662e0ec7de95f75407baa784d82",
        "type": "github"
      },
      "original": {
        "owner": "peteonrails",
        "repo": "voxtype",
        "type": "github"
      }
    },
    "walkthrough-skill": {
      "flake": false,
      "locked": {
        "lastModified": 1774271871,
        "narHash": "sha256-KAnRfUjg97eBrebAk4RWo+nKeLrQHFAb7Y0kU9/iFEE=",
        "owner": "alexanderop",
        "repo": "walkthrough",
        "rev": "5e70c0621a3a1a18c75666ad201855e16b047d05",
        "type": "github"
      },
      "original": {
        "owner": "alexanderop",
        "repo": "walkthrough",
        "type": "github"
      }
    },
    "xdph": {
      "inputs": {
        "hyprland-protocols": [
          "hyprland",
          "hyprland-protocols"
        ],
        "hyprlang": [
          "hyprland",
          "hyprlang"
        ],
        "hyprutils": [
          "hyprland",
          "hyprutils"
        ],
        "hyprwayland-scanner": [
          "hyprland",
          "hyprwayland-scanner"
        ],
        "nixpkgs": [
          "hyprland",
          "nixpkgs"
        ],
        "systems": [
          "hyprland",
          "systems"
        ]
      },
      "locked": {
        "lastModified": 1788025068,
        "narHash": "sha256-TBqronrrc/F2Ry/E37d/1TLldDLJDFNSwvJjgk+cXzU=",
        "owner": "hyprwm",
        "repo": "xdg-desktop-portal-hyprland",
        "rev": "ba31964ee42b56bcb0d3b78a64ead5d8a1c3c6f6",
        "type": "github"
      },
      "original": {
        "owner": "hyprwm",
        "repo": "xdg-desktop-portal-hyprland",
        "type": "github"
      }
    }
  },
  "root": "root",
  "version": 7
}
