{
  "nodes": {
    "danvim": {
      "inputs": { "nixpkgs": ["nixpkgs"] },
      "locked": { "lastModified": 1789000000, "type": "path" }
    },
    "nixpkgs": {
      "locked": {
        "lastModified": 1700000000,
        "owner": "NixOS",
        "repo": "nixpkgs",
        "rev": "0000000000000000000000000000000000000000",
        "type": "github"
      }
    },
    "nixpkgs_2": {
      "locked": {
        "lastModified": 1789286504,
        "owner": "nixos",
        "repo": "nixpkgs",
        "rev": "ef34387aaa6b4b3f1d1e0e30d5b4e4c9d1c0a1b2",
        "type": "github"
      }
    },
    "root": {
      "inputs": {
        "danvim": "danvim",
        "nixpkgs": "nixpkgs_2"
      }
    }
  },
  "root": "root",
  "version": 7
}
